
Microsoft Visual Studio Solution File, Format Version 12.00
# Visual Studio Version 16
VisualStudioVersion = 16.0.31402.337
MinimumVisualStudioVersion = 10.0.40219.1
Project("{9A19103F-16F7-4668-BE54-9A1E7A4F7556}") = "DroolMissle.Core", "DroolMissle.Core\DroolMissle.Core.csproj", "{CBEE46D3-BCA8-4D0A-80F0-8D987B0DED7B}"
EndProject
Global
	GlobalSection(SolutionConfigurationPlatforms) = preSolution
		Debug|Any CPU = Debug|Any CPU
		Release|Any CPU = Release|Any CPU
	EndGlobalSection
	GlobalSection(ProjectConfigurationPlatforms) = postSolution
		{CBEE46D3-BCA8-4D0A-80F0-8D987B0DED7B}.Debug|Any CPU.ActiveCfg = Debug|Any CPU
		{CBEE46D3-BCA8-4D0A-80F0-8D987B0DED7B}.Debug|Any CPU.Build.0 = Debug|Any CPU
		{CBEE46D3-BCA8-4D0A-80F0-8D987B0DED7B}.Release|Any CPU.ActiveCfg = Release|Any CPU
		{CBEE46D3-BCA8-4D0A-80F0-8D987B0DED7B}.Release|Any CPU.Build.0 = Release|Any CPU
	EndGlobalSection
	GlobalSection(SolutionProperties) = preSolution
		HideSolutionNode = FALSE
	EndGlobalSection
	GlobalSection(ExtensibilityGlobals) = postSolution
		SolutionGuid = {6B6DD2F8-F3AD-468A-9C73-F3E4077E5FE2}
	EndGlobalSection
EndGlobal
